
Microsoft Visual Studio Solution File, Format Version 12.00
# Visual Studio Version 17
VisualStudioVersion = 17.11.35312.102
MinimumVisualStudioVersion = 10.0.40219.1
Project("{FAE04EC0-301F-11D3-BF4B-00C04F79EFBC}") = "JoaoCar2", "JoaoCar2.csproj", "{11D36C23-2E7A-43E1-9045-A1C62F1DA1DE}"
EndProject
Global
	GlobalSection(SolutionConfigurationPlatforms) = preSolution
		Debug|Any CPU = Debug|Any CPU
		Release|Any CPU = Release|Any CPU
	EndGlobalSection
	GlobalSection(ProjectConfigurationPlatforms) = postSolution
		{11D36C23-2E7A-43E1-9045-A1C62F1DA1DE}.Debug|Any CPU.ActiveCfg = Debug|Any CPU
		{11D36C23-2E7A-43E1-9045-A1C62F1DA1DE}.Debug|Any CPU.Build.0 = Debug|Any CPU
		{11D36C23-2E7A-43E1-9045-A1C62F1DA1DE}.Debug|Any CPU.Deploy.0 = Debug|Any CPU
		{11D36C23-2E7A-43E1-9045-A1C62F1DA1DE}.Release|Any CPU.ActiveCfg = Release|Any CPU
		{11D36C23-2E7A-43E1-9045-A1C62F1DA1DE}.Release|Any CPU.Build.0 = Release|Any CPU
		{11D36C23-2E7A-43E1-9045-A1C62F1DA1DE}.Release|Any CPU.Deploy.0 = Release|Any CPU
	EndGlobalSection
	GlobalSection(SolutionProperties) = preSolution
		HideSolutionNode = FALSE
	EndGlobalSection
	GlobalSection(ExtensibilityGlobals) = postSolution
		SolutionGuid = {5034980C-8B7E-47DD-8B17-6987F4A5737A}
	EndGlobalSection
EndGlobal
